
Microsoft Visual Studio Solution File, Format Version 12.00
# Visual Studio 15
VisualStudioVersion = 15.0.25928.0
MinimumVisualStudioVersion = 10.0.40219.1
Project("{EAE6DFB4-45FD-454D-BECF-F99888960AE5}") = "CSharpMethodsCodeSnippets", "CSharpMethodsCodeSnippets.csproj", "{78A85386-A7AB-49EC-B337-BDF9B438DD33}"
EndProject
Global
	GlobalSection(SolutionConfigurationPlatforms) = preSolution
		Debug|Any CPU = Debug|Any CPU
		Release|Any CPU = Release|Any CPU
	EndGlobalSection
	GlobalSection(ProjectConfigurationPlatforms) = postSolution
		{78A85386-A7AB-49EC-B337-BDF9B438DD33}.Debug|Any CPU.ActiveCfg = Debug|Any CPU
		{78A85386-A7AB-49EC-B337-BDF9B438DD33}.Debug|Any CPU.Build.0 = Debug|Any CPU
		{78A85386-A7AB-49EC-B337-BDF9B438DD33}.Release|Any CPU.ActiveCfg = Release|Any CPU
		{78A85386-A7AB-49EC-B337-BDF9B438DD33}.Release|Any CPU.Build.0 = Release|Any CPU
	EndGlobalSection
	GlobalSection(SolutionProperties) = preSolution
		HideSolutionNode = FALSE
	EndGlobalSection
EndGlobal
